
Microsoft Visual Studio Solution File, Format Version 12.00
# Visual Studio Version 17
VisualStudioVersion = 17.5.002.0
MinimumVisualStudioVersion = 10.0.40219.1
Project("{9A19103F-16F7-4668-BE54-9A1E7A4F7556}") = "DbBroker.Cli", "DbBroker.Cli\DbBroker.Cli.csproj", "{638007D9-F403-4D4E-BB91-D366B9F4C265}"
EndProject
Project("{FAE04EC0-301F-11D3-BF4B-00C04F79EFBC}") = "DbBroker", "DBBroker\DbBroker.csproj", "{7CFB8562-9B08-44F6-AC7A-134DABF87741}"
EndProject
Project("{FAE04EC0-301F-11D3-BF4B-00C04F79EFBC}") = "DbBroker.Common", "DbBroker.Common\DbBroker.Common.csproj", "{2AB2592F-0851-46CD-8B2B-25D6EA9E6C1A}"
EndProject
Project("{FAE04EC0-301F-11D3-BF4B-00C04F79EFBC}") = "DbBroker.Showcase.Cli", "DbBroker.Showcase.Cli\DbBroker.Showcase.Cli.csproj", "{C9575870-7543-4BC2-A3A8-2DFCA270ACA7}"
EndProject
Global
	GlobalSection(SolutionConfigurationPlatforms) = preSolution
		Debug|Any CPU = Debug|Any CPU
		Release|Any CPU = Release|Any CPU
	EndGlobalSection
	GlobalSection(ProjectConfigurationPlatforms) = postSolution
		{638007D9-F403-4D4E-BB91-D366B9F4C265}.Debug|Any CPU.ActiveCfg = Debug|Any CPU
		{638007D9-F403-4D4E-BB91-D366B9F4C265}.Debug|Any CPU.Build.0 = Debug|Any CPU
		{638007D9-F403-4D4E-BB91-D366B9F4C265}.Release|Any CPU.ActiveCfg = Release|Any CPU
		{638007D9-F403-4D4E-BB91-D366B9F4C265}.Release|Any CPU.Build.0 = Release|Any CPU
		{7CFB8562-9B08-44F6-AC7A-134DABF87741}.Debug|Any CPU.ActiveCfg = Debug|Any CPU
		{7CFB8562-9B08-44F6-AC7A-134DABF87741}.Debug|Any CPU.Build.0 = Debug|Any CPU
		{7CFB8562-9B08-44F6-AC7A-134DABF87741}.Release|Any CPU.ActiveCfg = Release|Any CPU
		{7CFB8562-9B08-44F6-AC7A-134DABF87741}.Release|Any CPU.Build.0 = Release|Any CPU
		{2AB2592F-0851-46CD-8B2B-25D6EA9E6C1A}.Debug|Any CPU.ActiveCfg = Debug|Any CPU
		{2AB2592F-0851-46CD-8B2B-25D6EA9E6C1A}.Debug|Any CPU.Build.0 = Debug|Any CPU
		{2AB2592F-0851-46CD-8B2B-25D6EA9E6C1A}.Release|Any CPU.ActiveCfg = Release|Any CPU
		{2AB2592F-0851-46CD-8B2B-25D6EA9E6C1A}.Release|Any CPU.Build.0 = Release|Any CPU
		{C9575870-7543-4BC2-A3A8-2DFCA270ACA7}.Debug|Any CPU.ActiveCfg = Debug|Any CPU
		{C9575870-7543-4BC2-A3A8-2DFCA270ACA7}.Debug|Any CPU.Build.0 = Debug|Any CPU
		{C9575870-7543-4BC2-A3A8-2DFCA270ACA7}.Release|Any CPU.ActiveCfg = Release|Any CPU
		{C9575870-7543-4BC2-A3A8-2DFCA270ACA7}.Release|Any CPU.Build.0 = Release|Any CPU
	EndGlobalSection
	GlobalSection(SolutionProperties) = preSolution
		HideSolutionNode = FALSE
	EndGlobalSection
	GlobalSection(ExtensibilityGlobals) = postSolution
		SolutionGuid = {920DA4FA-1F6D-4774-AD4D-520C4A287E56}
	EndGlobalSection
EndGlobal
